
Microsoft Visual Studio Solution File, Format Version 12.00
# Visual Studio Version 17
VisualStudioVersion = 17.7.34221.43
MinimumVisualStudioVersion = 10.0.40219.1
Project("{2150E333-8FDC-42A3-9474-1A3956D46DE8}") = "src", "src", "{F08FC673-B4F0-4644-ACC8-A8ECEEFA2287}"
EndProject
Project("{2150E333-8FDC-42A3-9474-1A3956D46DE8}") = "corePackages", "corePackages", "{9A041A18-94DA-403F-A74C-95BCE4855FE1}"
EndProject
Project("{2150E333-8FDC-42A3-9474-1A3956D46DE8}") = "projects", "projects", "{76FCA468-66A6-479A-A1AB-C1F2229070C8}"
EndProject
Project("{9A19103F-16F7-4668-BE54-9A1E7A4F7556}") = "Core.Persistence", "src\corePackages\Core.Persistence\Core.Persistence.csproj", "{7B1B1EF6-3F31-4981-B4DB-4D886941D73D}"
EndProject
Project("{2150E333-8FDC-42A3-9474-1A3956D46DE8}") = "rentACar", "rentACar", "{F6BB29BA-167E-45C7-B10F-617C1C43A938}"
EndProject
Project("{9A19103F-16F7-4668-BE54-9A1E7A4F7556}") = "Application", "src\projects\rentACar\Application\Application.csproj", "{1D53F859-7DB4-4408-9A7F-074335842A93}"
EndProject
Project("{9A19103F-16F7-4668-BE54-9A1E7A4F7556}") = "Domain", "src\projects\rentACar\Domain\Domain.csproj", "{DA1FEC59-90C5-4663-90C3-B0EB08182EF2}"
EndProject
Project("{9A19103F-16F7-4668-BE54-9A1E7A4F7556}") = "Infastructure", "src\projects\rentACar\Infastructure\Infastructure.csproj", "{4D3674BB-20FB-443D-A3C0-016BE08C294C}"
EndProject
Project("{9A19103F-16F7-4668-BE54-9A1E7A4F7556}") = "Persistence", "src\projects\rentACar\Persistence\Persistence.csproj", "{35DE5144-017D-48B0-8B29-F9E77373A603}"
EndProject
Project("{9A19103F-16F7-4668-BE54-9A1E7A4F7556}") = "WebAPI", "src\projects\rentACar\WebAPI\WebAPI.csproj", "{79DA43D5-9264-48B1-BE02-2C407EC4141B}"
EndProject
Project("{2150E333-8FDC-42A3-9474-1A3956D46DE8}") = "Solution Items", "Solution Items", "{01E93A21-16F5-4F1F-8E6B-C944CD7B920D}"
	ProjectSection(SolutionItems) = preProject
		Notes.txt = Notes.txt
	EndProjectSection
EndProject
Global
	GlobalSection(SolutionConfigurationPlatforms) = preSolution
		Debug|Any CPU = Debug|Any CPU
		Release|Any CPU = Release|Any CPU
	EndGlobalSection
	GlobalSection(ProjectConfigurationPlatforms) = postSolution
		{7B1B1EF6-3F31-4981-B4DB-4D886941D73D}.Debug|Any CPU.ActiveCfg = Debug|Any CPU
		{7B1B1EF6-3F31-4981-B4DB-4D886941D73D}.Debug|Any CPU.Build.0 = Debug|Any CPU
		{7B1B1EF6-3F31-4981-B4DB-4D886941D73D}.Release|Any CPU.ActiveCfg = Release|Any CPU
		{7B1B1EF6-3F31-4981-B4DB-4D886941D73D}.Release|Any CPU.Build.0 = Release|Any CPU
		{1D53F859-7DB4-4408-9A7F-074335842A93}.Debug|Any CPU.ActiveCfg = Debug|Any CPU
		{1D53F859-7DB4-4408-9A7F-074335842A93}.Debug|Any CPU.Build.0 = Debug|Any CPU
		{1D53F859-7DB4-4408-9A7F-074335842A93}.Release|Any CPU.ActiveCfg = Release|Any CPU
		{1D53F859-7DB4-4408-9A7F-074335842A93}.Release|Any CPU.Build.0 = Release|Any CPU
		{DA1FEC59-90C5-4663-90C3-B0EB08182EF2}.Debug|Any CPU.ActiveCfg = Debug|Any CPU
		{DA1FEC59-90C5-4663-90C3-B0EB08182EF2}.Debug|Any CPU.Build.0 = Debug|Any CPU
		{DA1FEC59-90C5-4663-90C3-B0EB08182EF2}.Release|Any CPU.ActiveCfg = Release|Any CPU
		{DA1FEC59-90C5-4663-90C3-B0EB08182EF2}.Release|Any CPU.Build.0 = Release|Any CPU
		{4D3674BB-20FB-443D-A3C0-016BE08C294C}.Debug|Any CPU.ActiveCfg = Debug|Any CPU
		{4D3674BB-20FB-443D-A3C0-016BE08C294C}.Debug|Any CPU.Build.0 = Debug|Any CPU
		{4D3674BB-20FB-443D-A3C0-016BE08C294C}.Release|Any CPU.ActiveCfg = Release|Any CPU
		{4D3674BB-20FB-443D-A3C0-016BE08C294C}.Release|Any CPU.Build.0 = Release|Any CPU
		{35DE5144-017D-48B0-8B29-F9E77373A603}.Debug|Any CPU.ActiveCfg = Debug|Any CPU
		{35DE5144-017D-48B0-8B29-F9E77373A603}.Debug|Any CPU.Build.0 = Debug|Any CPU
		{35DE5144-017D-48B0-8B29-F9E77373A603}.Release|Any CPU.ActiveCfg = Release|Any CPU
		{35DE5144-017D-48B0-8B29-F9E77373A603}.Release|Any CPU.Build.0 = Release|Any CPU
		{79DA43D5-9264-48B1-BE02-2C407EC4141B}.Debug|Any CPU.ActiveCfg = Debug|Any CPU
		{79DA43D5-9264-48B1-BE02-2C407EC4141B}.Debug|Any CPU.Build.0 = Debug|Any CPU
		{79DA43D5-9264-48B1-BE02-2C407EC4141B}.Release|Any CPU.ActiveCfg = Release|Any CPU
		{79DA43D5-9264-48B1-BE02-2C407EC4141B}.Release|Any CPU.Build.0 = Release|Any CPU
	EndGlobalSection
	GlobalSection(SolutionProperties) = preSolution
		HideSolutionNode = FALSE
	EndGlobalSection
	GlobalSection(NestedProjects) = preSolution
		{9A041A18-94DA-403F-A74C-95BCE4855FE1} = {F08FC673-B4F0-4644-ACC8-A8ECEEFA2287}
		{76FCA468-66A6-479A-A1AB-C1F2229070C8} = {F08FC673-B4F0-4644-ACC8-A8ECEEFA2287}
		{7B1B1EF6-3F31-4981-B4DB-4D886941D73D} = {9A041A18-94DA-403F-A74C-95BCE4855FE1}
		{F6BB29BA-167E-45C7-B10F-617C1C43A938} = {76FCA468-66A6-479A-A1AB-C1F2229070C8}
		{1D53F859-7DB4-4408-9A7F-074335842A93} = {F6BB29BA-167E-45C7-B10F-617C1C43A938}
		{DA1FEC59-90C5-4663-90C3-B0EB08182EF2} = {F6BB29BA-167E-45C7-B10F-617C1C43A938}
		{4D3674BB-20FB-443D-A3C0-016BE08C294C} = {F6BB29BA-167E-45C7-B10F-617C1C43A938}
		{35DE5144-017D-48B0-8B29-F9E77373A603} = {F6BB29BA-167E-45C7-B10F-617C1C43A938}
		{79DA43D5-9264-48B1-BE02-2C407EC4141B} = {F6BB29BA-167E-45C7-B10F-617C1C43A938}
	EndGlobalSection
	GlobalSection(ExtensibilityGlobals) = postSolution
		SolutionGuid = {B1872391-34E7-4DE6-B001-0F020A41A96C}
	EndGlobalSection
EndGlobal
